
Microsoft Visual Studio Solution File, Format Version 12.00
# Visual Studio Version 16
VisualStudioVersion = 16.0.30330.147
MinimumVisualStudioVersion = 10.0.40219.1
Project("{FAE04EC0-301F-11D3-BF4B-00C04F79EFBC}") = "Game", "WpfApp1\Game.csproj", "{B7D3223A-3B3F-41F8-8B15-FB4CCC389904}"
EndProject
Global
	GlobalSection(SolutionConfigurationPlatforms) = preSolution
		Debug|Any CPU = Debug|Any CPU
		Release|Any CPU = Release|Any CPU
	EndGlobalSection
	GlobalSection(ProjectConfigurationPlatforms) = postSolution
		{B7D3223A-3B3F-41F8-8B15-FB4CCC389904}.Debug|Any CPU.ActiveCfg = Debug|Any CPU
		{B7D3223A-3B3F-41F8-8B15-FB4CCC389904}.Debug|Any CPU.Build.0 = Debug|Any CPU
		{B7D3223A-3B3F-41F8-8B15-FB4CCC389904}.Release|Any CPU.ActiveCfg = Release|Any CPU
		{B7D3223A-3B3F-41F8-8B15-FB4CCC389904}.Release|Any CPU.Build.0 = Release|Any CPU
	EndGlobalSection
	GlobalSection(SolutionProperties) = preSolution
		HideSolutionNode = FALSE
	EndGlobalSection
	GlobalSection(ExtensibilityGlobals) = postSolution
		SolutionGuid = {A9C1A5F7-6478-4DF2-9512-17635FA69026}
	EndGlobalSection
EndGlobal
